
Microsoft Visual Studio Solution File, Format Version 12.00
# Visual Studio Version 17
VisualStudioVersion = 17.1.32228.430
MinimumVisualStudioVersion = 10.0.40219.1
Project("{FAE04EC0-301F-11D3-BF4B-00C04F79EFBC}") = "MobilePlannerUI.Android", "MobilePlannerUI\MobilePlannerUI.Android\MobilePlannerUI.Android.csproj", "{BD46954C-C764-4B6E-972B-190C1CADEF67}"
EndProject
Project("{FAE04EC0-301F-11D3-BF4B-00C04F79EFBC}") = "MobilePlannerUI", "MobilePlannerUI\MobilePlannerUI\MobilePlannerUI.csproj", "{0A6C491B-04A2-4D4A-BF8B-815C5862CBC9}"
EndProject
Global
	GlobalSection(SolutionConfigurationPlatforms) = preSolution
		Debug|Any CPU = Debug|Any CPU
		Release|Any CPU = Release|Any CPU
	EndGlobalSection
	GlobalSection(ProjectConfigurationPlatforms) = postSolution
		{BD46954C-C764-4B6E-972B-190C1CADEF67}.Debug|Any CPU.ActiveCfg = Debug|Any CPU
		{BD46954C-C764-4B6E-972B-190C1CADEF67}.Debug|Any CPU.Build.0 = Debug|Any CPU
		{BD46954C-C764-4B6E-972B-190C1CADEF67}.Debug|Any CPU.Deploy.0 = Debug|Any CPU
		{BD46954C-C764-4B6E-972B-190C1CADEF67}.Release|Any CPU.ActiveCfg = Release|Any CPU
		{BD46954C-C764-4B6E-972B-190C1CADEF67}.Release|Any CPU.Build.0 = Release|Any CPU
		{BD46954C-C764-4B6E-972B-190C1CADEF67}.Release|Any CPU.Deploy.0 = Release|Any CPU
		{0A6C491B-04A2-4D4A-BF8B-815C5862CBC9}.Debug|Any CPU.ActiveCfg = Debug|Any CPU
		{0A6C491B-04A2-4D4A-BF8B-815C5862CBC9}.Debug|Any CPU.Build.0 = Debug|Any CPU
		{0A6C491B-04A2-4D4A-BF8B-815C5862CBC9}.Debug|Any CPU.Deploy.0 = Debug|Any CPU
		{0A6C491B-04A2-4D4A-BF8B-815C5862CBC9}.Release|Any CPU.ActiveCfg = Release|Any CPU
		{0A6C491B-04A2-4D4A-BF8B-815C5862CBC9}.Release|Any CPU.Build.0 = Release|Any CPU
		{0A6C491B-04A2-4D4A-BF8B-815C5862CBC9}.Release|Any CPU.Deploy.0 = Release|Any CPU
	EndGlobalSection
	GlobalSection(SolutionProperties) = preSolution
		HideSolutionNode = FALSE
	EndGlobalSection
	GlobalSection(ExtensibilityGlobals) = postSolution
		SolutionGuid = {6ADC2B04-4019-465C-BB7A-22C1FB39781A}
	EndGlobalSection
EndGlobal
